{
  "pins" : [
    {
      "identity" : "paypalcheckout-ios",
      "kind" : "remoteSourceControl",
      "location" : "https://github.com/paypal/paypalcheckout-ios",
      "state" : {
        "revision" : "0d50b2c2a16437de057ce4f6f3612561a3d9a263",
        "version" : "0.109.0"
      }
    }
  ],
  "version" : 2
}
